
Microsoft Visual Studio Solution File, Format Version 12.00
# Visual Studio Version 16
VisualStudioVersion = 16.0.30114.105
MinimumVisualStudioVersion = 10.0.40219.1
Project("{2150E333-8FDC-42A3-9474-1A3956D46DE8}") = "0 - Presentation", "0 - Presentation", "{FFFFAA1A-162A-4E85-9733-E6E19F5C0F87}"
EndProject
Project("{2150E333-8FDC-42A3-9474-1A3956D46DE8}") = "1 - Services", "1 - Services", "{441E1DD4-7BE3-4D32-BAD3-5C1F929177AD}"
EndProject
Project("{2150E333-8FDC-42A3-9474-1A3956D46DE8}") = "2 - Application", "2 - Application", "{DBF5C82A-3780-4443-946C-F5A16C1011CA}"
EndProject
Project("{2150E333-8FDC-42A3-9474-1A3956D46DE8}") = "3 - Domain", "3 - Domain", "{013EBC38-D58F-41A2-9F6F-EB9A6E80DD10}"
EndProject
Project("{2150E333-8FDC-42A3-9474-1A3956D46DE8}") = "4 - Infra", "4 - Infra", "{7530F8C3-3B95-4668-8998-21272BCDDEAE}"
EndProject
Project("{2150E333-8FDC-42A3-9474-1A3956D46DE8}") = "Data", "Data", "{CA201191-4485-4DA8-AB5C-5B23D05DC7C3}"
EndProject
Project("{2150E333-8FDC-42A3-9474-1A3956D46DE8}") = "CrossCutting", "CrossCutting", "{8F010B45-841B-4011-AC67-21791346F338}"
EndProject
Project("{9A19103F-16F7-4668-BE54-9A1E7A4F7556}") = "TODOListDDD.domain", "TODOListDDD.domain\TODOListDDD.domain.csproj", "{0C24CCCB-2235-405B-B4E6-4FD5F6CEF5EF}"
EndProject
Project("{9A19103F-16F7-4668-BE54-9A1E7A4F7556}") = "TODOListDDD.Infra.Data", "TODOListDDD.Infra.Data\TODOListDDD.Infra.Data.csproj", "{FA9AD17C-A3F5-4022-8E30-A453FC8D78DA}"
EndProject
Project("{9A19103F-16F7-4668-BE54-9A1E7A4F7556}") = "TODOListDDD.api", "todolistddd.api\TODOListDDD.api.csproj", "{B956D917-E103-4E0E-9A95-6EA6E2CBDC13}"
EndProject
Project("{FAE04EC0-301F-11D3-BF4B-00C04F79EFBC}") = "TODOListDDD.application", "TODOListDDD.application\TODOListDDD.application.csproj", "{54E87FE8-43EA-40C9-8EF6-391CDCCBDB48}"
EndProject
Global
	GlobalSection(SolutionConfigurationPlatforms) = preSolution
		Debug|Any CPU = Debug|Any CPU
		Debug|x64 = Debug|x64
		Debug|x86 = Debug|x86
		Release|Any CPU = Release|Any CPU
		Release|x64 = Release|x64
		Release|x86 = Release|x86
	EndGlobalSection
	GlobalSection(ProjectConfigurationPlatforms) = postSolution
		{0C24CCCB-2235-405B-B4E6-4FD5F6CEF5EF}.Debug|Any CPU.ActiveCfg = Debug|Any CPU
		{0C24CCCB-2235-405B-B4E6-4FD5F6CEF5EF}.Debug|Any CPU.Build.0 = Debug|Any CPU
		{0C24CCCB-2235-405B-B4E6-4FD5F6CEF5EF}.Debug|x64.ActiveCfg = Debug|Any CPU
		{0C24CCCB-2235-405B-B4E6-4FD5F6CEF5EF}.Debug|x64.Build.0 = Debug|Any CPU
		{0C24CCCB-2235-405B-B4E6-4FD5F6CEF5EF}.Debug|x86.ActiveCfg = Debug|Any CPU
		{0C24CCCB-2235-405B-B4E6-4FD5F6CEF5EF}.Debug|x86.Build.0 = Debug|Any CPU
		{0C24CCCB-2235-405B-B4E6-4FD5F6CEF5EF}.Release|Any CPU.ActiveCfg = Release|Any CPU
		{0C24CCCB-2235-405B-B4E6-4FD5F6CEF5EF}.Release|Any CPU.Build.0 = Release|Any CPU
		{0C24CCCB-2235-405B-B4E6-4FD5F6CEF5EF}.Release|x64.ActiveCfg = Release|Any CPU
		{0C24CCCB-2235-405B-B4E6-4FD5F6CEF5EF}.Release|x64.Build.0 = Release|Any CPU
		{0C24CCCB-2235-405B-B4E6-4FD5F6CEF5EF}.Release|x86.ActiveCfg = Release|Any CPU
		{0C24CCCB-2235-405B-B4E6-4FD5F6CEF5EF}.Release|x86.Build.0 = Release|Any CPU
		{FA9AD17C-A3F5-4022-8E30-A453FC8D78DA}.Debug|Any CPU.ActiveCfg = Debug|Any CPU
		{FA9AD17C-A3F5-4022-8E30-A453FC8D78DA}.Debug|Any CPU.Build.0 = Debug|Any CPU
		{FA9AD17C-A3F5-4022-8E30-A453FC8D78DA}.Debug|x64.ActiveCfg = Debug|Any CPU
		{FA9AD17C-A3F5-4022-8E30-A453FC8D78DA}.Debug|x64.Build.0 = Debug|Any CPU
		{FA9AD17C-A3F5-4022-8E30-A453FC8D78DA}.Debug|x86.ActiveCfg = Debug|Any CPU
		{FA9AD17C-A3F5-4022-8E30-A453FC8D78DA}.Debug|x86.Build.0 = Debug|Any CPU
		{FA9AD17C-A3F5-4022-8E30-A453FC8D78DA}.Release|Any CPU.ActiveCfg = Release|Any CPU
		{FA9AD17C-A3F5-4022-8E30-A453FC8D78DA}.Release|Any CPU.Build.0 = Release|Any CPU
		{FA9AD17C-A3F5-4022-8E30-A453FC8D78DA}.Release|x64.ActiveCfg = Release|Any CPU
		{FA9AD17C-A3F5-4022-8E30-A453FC8D78DA}.Release|x64.Build.0 = Release|Any CPU
		{FA9AD17C-A3F5-4022-8E30-A453FC8D78DA}.Release|x86.ActiveCfg = Release|Any CPU
		{FA9AD17C-A3F5-4022-8E30-A453FC8D78DA}.Release|x86.Build.0 = Release|Any CPU
		{B956D917-E103-4E0E-9A95-6EA6E2CBDC13}.Debug|Any CPU.ActiveCfg = Debug|Any CPU
		{B956D917-E103-4E0E-9A95-6EA6E2CBDC13}.Debug|Any CPU.Build.0 = Debug|Any CPU
		{B956D917-E103-4E0E-9A95-6EA6E2CBDC13}.Debug|x64.ActiveCfg = Debug|Any CPU
		{B956D917-E103-4E0E-9A95-6EA6E2CBDC13}.Debug|x64.Build.0 = Debug|Any CPU
		{B956D917-E103-4E0E-9A95-6EA6E2CBDC13}.Debug|x86.ActiveCfg = Debug|Any CPU
		{B956D917-E103-4E0E-9A95-6EA6E2CBDC13}.Debug|x86.Build.0 = Debug|Any CPU
		{B956D917-E103-4E0E-9A95-6EA6E2CBDC13}.Release|Any CPU.ActiveCfg = Release|Any CPU
		{B956D917-E103-4E0E-9A95-6EA6E2CBDC13}.Release|Any CPU.Build.0 = Release|Any CPU
		{B956D917-E103-4E0E-9A95-6EA6E2CBDC13}.Release|x64.ActiveCfg = Release|Any CPU
		{B956D917-E103-4E0E-9A95-6EA6E2CBDC13}.Release|x64.Build.0 = Release|Any CPU
		{B956D917-E103-4E0E-9A95-6EA6E2CBDC13}.Release|x86.ActiveCfg = Release|Any CPU
		{B956D917-E103-4E0E-9A95-6EA6E2CBDC13}.Release|x86.Build.0 = Release|Any CPU
		{54E87FE8-43EA-40C9-8EF6-391CDCCBDB48}.Debug|Any CPU.ActiveCfg = Debug|Any CPU
		{54E87FE8-43EA-40C9-8EF6-391CDCCBDB48}.Debug|Any CPU.Build.0 = Debug|Any CPU
		{54E87FE8-43EA-40C9-8EF6-391CDCCBDB48}.Debug|x64.ActiveCfg = Debug|Any CPU
		{54E87FE8-43EA-40C9-8EF6-391CDCCBDB48}.Debug|x64.Build.0 = Debug|Any CPU
		{54E87FE8-43EA-40C9-8EF6-391CDCCBDB48}.Debug|x86.ActiveCfg = Debug|Any CPU
		{54E87FE8-43EA-40C9-8EF6-391CDCCBDB48}.Debug|x86.Build.0 = Debug|Any CPU
		{54E87FE8-43EA-40C9-8EF6-391CDCCBDB48}.Release|Any CPU.ActiveCfg = Release|Any CPU
		{54E87FE8-43EA-40C9-8EF6-391CDCCBDB48}.Release|Any CPU.Build.0 = Release|Any CPU
		{54E87FE8-43EA-40C9-8EF6-391CDCCBDB48}.Release|x64.ActiveCfg = Release|Any CPU
		{54E87FE8-43EA-40C9-8EF6-391CDCCBDB48}.Release|x64.Build.0 = Release|Any CPU
		{54E87FE8-43EA-40C9-8EF6-391CDCCBDB48}.Release|x86.ActiveCfg = Release|Any CPU
		{54E87FE8-43EA-40C9-8EF6-391CDCCBDB48}.Release|x86.Build.0 = Release|Any CPU
	EndGlobalSection
	GlobalSection(SolutionProperties) = preSolution
		HideSolutionNode = FALSE
	EndGlobalSection
	GlobalSection(NestedProjects) = preSolution
		{CA201191-4485-4DA8-AB5C-5B23D05DC7C3} = {7530F8C3-3B95-4668-8998-21272BCDDEAE}
		{8F010B45-841B-4011-AC67-21791346F338} = {7530F8C3-3B95-4668-8998-21272BCDDEAE}
		{0C24CCCB-2235-405B-B4E6-4FD5F6CEF5EF} = {013EBC38-D58F-41A2-9F6F-EB9A6E80DD10}
		{FA9AD17C-A3F5-4022-8E30-A453FC8D78DA} = {CA201191-4485-4DA8-AB5C-5B23D05DC7C3}
		{B956D917-E103-4E0E-9A95-6EA6E2CBDC13} = {FFFFAA1A-162A-4E85-9733-E6E19F5C0F87}
		{54E87FE8-43EA-40C9-8EF6-391CDCCBDB48} = {DBF5C82A-3780-4443-946C-F5A16C1011CA}
	EndGlobalSection
	GlobalSection(ExtensibilityGlobals) = postSolution
		SolutionGuid = {B53E603C-FE30-4693-9256-8A7E537DBFBD}
	EndGlobalSection
EndGlobal
